
Microsoft Visual Studio Solution File, Format Version 12.00
# Visual Studio Version 16
VisualStudioVersion = 16.0.31605.320
MinimumVisualStudioVersion = 10.0.40219.1
Project("{FAE04EC0-301F-11D3-BF4B-00C04F79EFBC}") = "HomeWork2", "HomeWork2.csproj", "{105ECF6B-0DB0-4993-8157-20682E824F88}"
EndProject
Global
	GlobalSection(SolutionConfigurationPlatforms) = preSolution
		Debug|Any CPU = Debug|Any CPU
		Release|Any CPU = Release|Any CPU
	EndGlobalSection
	GlobalSection(ProjectConfigurationPlatforms) = postSolution
		{105ECF6B-0DB0-4993-8157-20682E824F88}.Debug|Any CPU.ActiveCfg = Debug|Any CPU
		{105ECF6B-0DB0-4993-8157-20682E824F88}.Debug|Any CPU.Build.0 = Debug|Any CPU
		{105ECF6B-0DB0-4993-8157-20682E824F88}.Release|Any CPU.ActiveCfg = Release|Any CPU
		{105ECF6B-0DB0-4993-8157-20682E824F88}.Release|Any CPU.Build.0 = Release|Any CPU
	EndGlobalSection
	GlobalSection(SolutionProperties) = preSolution
		HideSolutionNode = FALSE
	EndGlobalSection
	GlobalSection(ExtensibilityGlobals) = postSolution
		SolutionGuid = {E96647FD-7D08-456F-9C64-A115052D5BB9}
	EndGlobalSection
EndGlobal
